
Microsoft Visual Studio Solution File, Format Version 12.00
# Visual Studio 15
VisualStudioVersion = 15.0.28010.0
MinimumVisualStudioVersion = 10.0.40219.1
Project("{FAE04EC0-301F-11D3-BF4B-00C04F79EFBC}") = "XamarinOIDC.Android", "XamarinOIDC\XamarinOIDC.Android\XamarinOIDC.Android.csproj", "{9E5F8643-7FC2-4612-B818-CFDEFA958DED}"
EndProject
Project("{FAE04EC0-301F-11D3-BF4B-00C04F79EFBC}") = "XamarinOIDC.iOS", "XamarinOIDC\XamarinOIDC.iOS\XamarinOIDC.iOS.csproj", "{6C15517C-A0C8-4073-99AA-6F4E9FCBC3C7}"
EndProject
Project("{9A19103F-16F7-4668-BE54-9A1E7A4F7556}") = "XamarinOIDC", "XamarinOIDC\XamarinOIDC\XamarinOIDC.csproj", "{54F3001A-DA2F-4C48-86A3-3446E9FDFD0F}"
EndProject
Global
	GlobalSection(SolutionConfigurationPlatforms) = preSolution
		Ad-Hoc|Any CPU = Ad-Hoc|Any CPU
		Ad-Hoc|ARM = Ad-Hoc|ARM
		Ad-Hoc|iPhone = Ad-Hoc|iPhone
		Ad-Hoc|iPhoneSimulator = Ad-Hoc|iPhoneSimulator
		Ad-Hoc|x64 = Ad-Hoc|x64
		Ad-Hoc|x86 = Ad-Hoc|x86
		AppStore|Any CPU = AppStore|Any CPU
		AppStore|ARM = AppStore|ARM
		AppStore|iPhone = AppStore|iPhone
		AppStore|iPhoneSimulator = AppStore|iPhoneSimulator
		AppStore|x64 = AppStore|x64
		AppStore|x86 = AppStore|x86
		Debug|Any CPU = Debug|Any CPU
		Debug|ARM = Debug|ARM
		Debug|iPhone = Debug|iPhone
		Debug|iPhoneSimulator = Debug|iPhoneSimulator
		Debug|x64 = Debug|x64
		Debug|x86 = Debug|x86
		Release|Any CPU = Release|Any CPU
		Release|ARM = Release|ARM
		Release|iPhone = Release|iPhone
		Release|iPhoneSimulator = Release|iPhoneSimulator
		Release|x64 = Release|x64
		Release|x86 = Release|x86
	EndGlobalSection
	GlobalSection(ProjectConfigurationPlatforms) = postSolution
		{9E5F8643-7FC2-4612-B818-CFDEFA958DED}.Ad-Hoc|Any CPU.ActiveCfg = Release|Any CPU
		{9E5F8643-7FC2-4612-B818-CFDEFA958DED}.Ad-Hoc|Any CPU.Build.0 = Release|Any CPU
		{9E5F8643-7FC2-4612-B818-CFDEFA958DED}.Ad-Hoc|Any CPU.Deploy.0 = Release|Any CPU
		{9E5F8643-7FC2-4612-B818-CFDEFA958DED}.Ad-Hoc|ARM.ActiveCfg = Release|Any CPU
		{9E5F8643-7FC2-4612-B818-CFDEFA958DED}.Ad-Hoc|ARM.Build.0 = Release|Any CPU
		{9E5F8643-7FC2-4612-B818-CFDEFA958DED}.Ad-Hoc|ARM.Deploy.0 = Release|Any CPU
		{9E5F8643-7FC2-4612-B818-CFDEFA958DED}.Ad-Hoc|iPhone.ActiveCfg = Release|Any CPU
		{9E5F8643-7FC2-4612-B818-CFDEFA958DED}.Ad-Hoc|iPhone.Build.0 = Release|Any CPU
		{9E5F8643-7FC2-4612-B818-CFDEFA958DED}.Ad-Hoc|iPhone.Deploy.0 = Release|Any CPU
		{9E5F8643-7FC2-4612-B818-CFDEFA958DED}.Ad-Hoc|iPhoneSimulator.ActiveCfg = Release|Any CPU
		{9E5F8643-7FC2-4612-B818-CFDEFA958DED}.Ad-Hoc|iPhoneSimulator.Build.0 = Release|Any CPU
		{9E5F8643-7FC2-4612-B818-CFDEFA958DED}.Ad-Hoc|iPhoneSimulator.Deploy.0 = Release|Any CPU
		{9E5F8643-7FC2-4612-B818-CFDEFA958DED}.Ad-Hoc|x64.ActiveCfg = Release|Any CPU
		{9E5F8643-7FC2-4612-B818-CFDEFA958DED}.Ad-Hoc|x64.Build.0 = Release|Any CPU
		{9E5F8643-7FC2-4612-B818-CFDEFA958DED}.Ad-Hoc|x64.Deploy.0 = Release|Any CPU
		{9E5F8643-7FC2-4612-B818-CFDEFA958DED}.Ad-Hoc|x86.ActiveCfg = Release|Any CPU
		{9E5F8643-7FC2-4612-B818-CFDEFA958DED}.Ad-Hoc|x86.Build.0 = Release|Any CPU
		{9E5F8643-7FC2-4612-B818-CFDEFA958DED}.Ad-Hoc|x86.Deploy.0 = Release|Any CPU
		{9E5F8643-7FC2-4612-B818-CFDEFA958DED}.AppStore|Any CPU.ActiveCfg = Release|Any CPU
		{9E5F8643-7FC2-4612-B818-CFDEFA958DED}.AppStore|Any CPU.Build.0 = Release|Any CPU
		{9E5F8643-7FC2-4612-B818-CFDEFA958DED}.AppStore|Any CPU.Deploy.0 = Release|Any CPU
		{9E5F8643-7FC2-4612-B818-CFDEFA958DED}.AppStore|ARM.ActiveCfg = Release|Any CPU
		{9E5F8643-7FC2-4612-B818-CFDEFA958DED}.AppStore|ARM.Build.0 = Release|Any CPU
		{9E5F8643-7FC2-4612-B818-CFDEFA958DED}.AppStore|ARM.Deploy.0 = Release|Any CPU
		{9E5F8643-7FC2-4612-B818-CFDEFA958DED}.AppStore|iPhone.ActiveCfg = Release|Any CPU
		{9E5F8643-7FC2-4612-B818-CFDEFA958DED}.AppStore|iPhone.Build.0 = Release|Any CPU
		{9E5F8643-7FC2-4612-B818-CFDEFA958DED}.AppStore|iPhone.Deploy.0 = Release|Any CPU
		{9E5F8643-7FC2-4612-B818-CFDEFA958DED}.AppStore|iPhoneSimulator.ActiveCfg = Release|Any CPU
		{9E5F8643-7FC2-4612-B818-CFDEFA958DED}.AppStore|iPhoneSimulator.Build.0 = Release|Any CPU
		{9E5F8643-7FC2-4612-B818-CFDEFA958DED}.AppStore|iPhoneSimulator.Deploy.0 = Release|Any CPU
		{9E5F8643-7FC2-4612-B818-CFDEFA958DED}.AppStore|x64.ActiveCfg = Release|Any CPU
		{9E5F8643-7FC2-4612-B818-CFDEFA958DED}.AppStore|x64.Build.0 = Release|Any CPU
		{9E5F8643-7FC2-4612-B818-CFDEFA958DED}.AppStore|x64.Deploy.0 = Release|Any CPU
		{9E5F8643-7FC2-4612-B818-CFDEFA958DED}.AppStore|x86.ActiveCfg = Release|Any CPU
		{9E5F8643-7FC2-4612-B818-CFDEFA958DED}.AppStore|x86.Build.0 = Release|Any CPU
		{9E5F8643-7FC2-4612-B818-CFDEFA958DED}.AppStore|x86.Deploy.0 = Release|Any CPU
		{9E5F8643-7FC2-4612-B818-CFDEFA958DED}.Debug|Any CPU.ActiveCfg = Debug|Any CPU
		{9E5F8643-7FC2-4612-B818-CFDEFA958DED}.Debug|Any CPU.Build.0 = Debug|Any CPU
		{9E5F8643-7FC2-4612-B818-CFDEFA958DED}.Debug|Any CPU.Deploy.0 = Debug|Any CPU
		{9E5F8643-7FC2-4612-B818-CFDEFA958DED}.Debug|ARM.ActiveCfg = Debug|Any CPU
		{9E5F8643-7FC2-4612-B818-CFDEFA958DED}.Debug|ARM.Build.0 = Debug|Any CPU
		{9E5F8643-7FC2-4612-B818-CFDEFA958DED}.Debug|ARM.Deploy.0 = Debug|Any CPU
		{9E5F8643-7FC2-4612-B818-CFDEFA958DED}.Debug|iPhone.ActiveCfg = Debug|Any CPU
		{9E5F8643-7FC2-4612-B818-CFDEFA958DED}.Debug|iPhone.Build.0 = Debug|Any CPU
		{9E5F8643-7FC2-4612-B818-CFDEFA958DED}.Debug|iPhone.Deploy.0 = Debug|Any CPU
		{9E5F8643-7FC2-4612-B818-CFDEFA958DED}.Debug|iPhoneSimulator.ActiveCfg = Debug|Any CPU
		{9E5F8643-7FC2-4612-B818-CFDEFA958DED}.Debug|iPhoneSimulator.Build.0 = Debug|Any CPU
		{9E5F8643-7FC2-4612-B818-CFDEFA958DED}.Debug|iPhoneSimulator.Deploy.0 = Debug|Any CPU
		{9E5F8643-7FC2-4612-B818-CFDEFA958DED}.Debug|x64.ActiveCfg = Debug|Any CPU
		{9E5F8643-7FC2-4612-B818-CFDEFA958DED}.Debug|x64.Build.0 = Debug|Any CPU
		{9E5F8643-7FC2-4612-B818-CFDEFA958DED}.Debug|x64.Deploy.0 = Debug|Any CPU
		{9E5F8643-7FC2-4612-B818-CFDEFA958DED}.Debug|x86.ActiveCfg = Debug|Any CPU
		{9E5F8643-7FC2-4612-B818-CFDEFA958DED}.Debug|x86.Build.0 = Debug|Any CPU
		{9E5F8643-7FC2-4612-B818-CFDEFA958DED}.Debug|x86.Deploy.0 = Debug|Any CPU
		{9E5F8643-7FC2-4612-B818-CFDEFA958DED}.Release|Any CPU.ActiveCfg = Release|Any CPU
		{9E5F8643-7FC2-4612-B818-CFDEFA958DED}.Release|Any CPU.Build.0 = Release|Any CPU
		{9E5F8643-7FC2-4612-B818-CFDEFA958DED}.Release|Any CPU.Deploy.0 = Release|Any CPU
		{9E5F8643-7FC2-4612-B818-CFDEFA958DED}.Release|ARM.ActiveCfg = Release|Any CPU
		{9E5F8643-7FC2-4612-B818-CFDEFA958DED}.Release|ARM.Build.0 = Release|Any CPU
		{9E5F8643-7FC2-4612-B818-CFDEFA958DED}.Release|ARM.Deploy.0 = Release|Any CPU
		{9E5F8643-7FC2-4612-B818-CFDEFA958DED}.Release|iPhone.ActiveCfg = Release|Any CPU
		{9E5F8643-7FC2-4612-B818-CFDEFA958DED}.Release|iPhone.Build.0 = Release|Any CPU
		{9E5F8643-7FC2-4612-B818-CFDEFA958DED}.Release|iPhone.Deploy.0 = Release|Any CPU
		{9E5F8643-7FC2-4612-B818-CFDEFA958DED}.Release|iPhoneSimulator.ActiveCfg = Release|Any CPU
		{9E5F8643-7FC2-4612-B818-CFDEFA958DED}.Release|iPhoneSimulator.Build.0 = Release|Any CPU
		{9E5F8643-7FC2-4612-B818-CFDEFA958DED}.Release|iPhoneSimulator.Deploy.0 = Release|Any CPU
		{9E5F8643-7FC2-4612-B818-CFDEFA958DED}.Release|x64.ActiveCfg = Release|Any CPU
		{9E5F8643-7FC2-4612-B818-CFDEFA958DED}.Release|x64.Build.0 = Release|Any CPU
		{9E5F8643-7FC2-4612-B818-CFDEFA958DED}.Release|x64.Deploy.0 = Release|Any CPU
		{9E5F8643-7FC2-4612-B818-CFDEFA958DED}.Release|x86.ActiveCfg = Release|Any CPU
		{9E5F8643-7FC2-4612-B818-CFDEFA958DED}.Release|x86.Build.0 = Release|Any CPU
		{9E5F8643-7FC2-4612-B818-CFDEFA958DED}.Release|x86.Deploy.0 = Release|Any CPU
		{6C15517C-A0C8-4073-99AA-6F4E9FCBC3C7}.Ad-Hoc|Any CPU.ActiveCfg = Ad-Hoc|iPhone
		{6C15517C-A0C8-4073-99AA-6F4E9FCBC3C7}.Ad-Hoc|Any CPU.Build.0 = Ad-Hoc|iPhone
		{6C15517C-A0C8-4073-99AA-6F4E9FCBC3C7}.Ad-Hoc|Any CPU.Deploy.0 = Ad-Hoc|iPhone
		{6C15517C-A0C8-4073-99AA-6F4E9FCBC3C7}.Ad-Hoc|ARM.ActiveCfg = Ad-Hoc|iPhone
		{6C15517C-A0C8-4073-99AA-6F4E9FCBC3C7}.Ad-Hoc|ARM.Build.0 = Ad-Hoc|iPhone
		{6C15517C-A0C8-4073-99AA-6F4E9FCBC3C7}.Ad-Hoc|ARM.Deploy.0 = Ad-Hoc|iPhone
		{6C15517C-A0C8-4073-99AA-6F4E9FCBC3C7}.Ad-Hoc|iPhone.ActiveCfg = Ad-Hoc|iPhone
		{6C15517C-A0C8-4073-99AA-6F4E9FCBC3C7}.Ad-Hoc|iPhone.Build.0 = Ad-Hoc|iPhone
		{6C15517C-A0C8-4073-99AA-6F4E9FCBC3C7}.Ad-Hoc|iPhone.Deploy.0 = Ad-Hoc|iPhone
		{6C15517C-A0C8-4073-99AA-6F4E9FCBC3C7}.Ad-Hoc|iPhoneSimulator.ActiveCfg = Ad-Hoc|iPhoneSimulator
		{6C15517C-A0C8-4073-99AA-6F4E9FCBC3C7}.Ad-Hoc|iPhoneSimulator.Build.0 = Ad-Hoc|iPhoneSimulator
		{6C15517C-A0C8-4073-99AA-6F4E9FCBC3C7}.Ad-Hoc|iPhoneSimulator.Deploy.0 = Ad-Hoc|iPhoneSimulator
		{6C15517C-A0C8-4073-99AA-6F4E9FCBC3C7}.Ad-Hoc|x64.ActiveCfg = Ad-Hoc|iPhone
		{6C15517C-A0C8-4073-99AA-6F4E9FCBC3C7}.Ad-Hoc|x64.Build.0 = Ad-Hoc|iPhone
		{6C15517C-A0C8-4073-99AA-6F4E9FCBC3C7}.Ad-Hoc|x64.Deploy.0 = Ad-Hoc|iPhone
		{6C15517C-A0C8-4073-99AA-6F4E9FCBC3C7}.Ad-Hoc|x86.ActiveCfg = Ad-Hoc|iPhone
		{6C15517C-A0C8-4073-99AA-6F4E9FCBC3C7}.Ad-Hoc|x86.Build.0 = Ad-Hoc|iPhone
		{6C15517C-A0C8-4073-99AA-6F4E9FCBC3C7}.Ad-Hoc|x86.Deploy.0 = Ad-Hoc|iPhone
		{6C15517C-A0C8-4073-99AA-6F4E9FCBC3C7}.AppStore|Any CPU.ActiveCfg = AppStore|iPhone
		{6C15517C-A0C8-4073-99AA-6F4E9FCBC3C7}.AppStore|Any CPU.Build.0 = AppStore|iPhone
		{6C15517C-A0C8-4073-99AA-6F4E9FCBC3C7}.AppStore|Any CPU.Deploy.0 = AppStore|iPhone
		{6C15517C-A0C8-4073-99AA-6F4E9FCBC3C7}.AppStore|ARM.ActiveCfg = AppStore|iPhone
		{6C15517C-A0C8-4073-99AA-6F4E9FCBC3C7}.AppStore|ARM.Build.0 = AppStore|iPhone
		{6C15517C-A0C8-4073-99AA-6F4E9FCBC3C7}.AppStore|ARM.Deploy.0 = AppStore|iPhone
		{6C15517C-A0C8-4073-99AA-6F4E9FCBC3C7}.AppStore|iPhone.ActiveCfg = AppStore|iPhone
		{6C15517C-A0C8-4073-99AA-6F4E9FCBC3C7}.AppStore|iPhone.Build.0 = AppStore|iPhone
		{6C15517C-A0C8-4073-99AA-6F4E9FCBC3C7}.AppStore|iPhone.Deploy.0 = AppStore|iPhone
		{6C15517C-A0C8-4073-99AA-6F4E9FCBC3C7}.AppStore|iPhoneSimulator.ActiveCfg = AppStore|iPhoneSimulator
		{6C15517C-A0C8-4073-99AA-6F4E9FCBC3C7}.AppStore|iPhoneSimulator.Build.0 = AppStore|iPhoneSimulator
		{6C15517C-A0C8-4073-99AA-6F4E9FCBC3C7}.AppStore|iPhoneSimulator.Deploy.0 = AppStore|iPhoneSimulator
		{6C15517C-A0C8-4073-99AA-6F4E9FCBC3C7}.AppStore|x64.ActiveCfg = AppStore|iPhone
		{6C15517C-A0C8-4073-99AA-6F4E9FCBC3C7}.AppStore|x64.Build.0 = AppStore|iPhone
		{6C15517C-A0C8-4073-99AA-6F4E9FCBC3C7}.AppStore|x64.Deploy.0 = AppStore|iPhone
		{6C15517C-A0C8-4073-99AA-6F4E9FCBC3C7}.AppStore|x86.ActiveCfg = AppStore|iPhone
		{6C15517C-A0C8-4073-99AA-6F4E9FCBC3C7}.AppStore|x86.Build.0 = AppStore|iPhone
		{6C15517C-A0C8-4073-99AA-6F4E9FCBC3C7}.AppStore|x86.Deploy.0 = AppStore|iPhone
		{6C15517C-A0C8-4073-99AA-6F4E9FCBC3C7}.Debug|Any CPU.ActiveCfg = Debug|iPhoneSimulator
		{6C15517C-A0C8-4073-99AA-6F4E9FCBC3C7}.Debug|Any CPU.Build.0 = Debug|iPhoneSimulator
		{6C15517C-A0C8-4073-99AA-6F4E9FCBC3C7}.Debug|Any CPU.Deploy.0 = Debug|iPhoneSimulator
		{6C15517C-A0C8-4073-99AA-6F4E9FCBC3C7}.Debug|ARM.ActiveCfg = Debug|iPhone
		{6C15517C-A0C8-4073-99AA-6F4E9FCBC3C7}.Debug|ARM.Build.0 = Debug|iPhone
		{6C15517C-A0C8-4073-99AA-6F4E9FCBC3C7}.Debug|ARM.Deploy.0 = Debug|iPhone
		{6C15517C-A0C8-4073-99AA-6F4E9FCBC3C7}.Debug|iPhone.ActiveCfg = Debug|iPhone
		{6C15517C-A0C8-4073-99AA-6F4E9FCBC3C7}.Debug|iPhone.Build.0 = Debug|iPhone
		{6C15517C-A0C8-4073-99AA-6F4E9FCBC3C7}.Debug|iPhone.Deploy.0 = Debug|iPhone
		{6C15517C-A0C8-4073-99AA-6F4E9FCBC3C7}.Debug|iPhoneSimulator.ActiveCfg = Debug|iPhoneSimulator
		{6C15517C-A0C8-4073-99AA-6F4E9FCBC3C7}.Debug|iPhoneSimulator.Build.0 = Debug|iPhoneSimulator
		{6C15517C-A0C8-4073-99AA-6F4E9FCBC3C7}.Debug|iPhoneSimulator.Deploy.0 = Debug|iPhoneSimulator
		{6C15517C-A0C8-4073-99AA-6F4E9FCBC3C7}.Debug|x64.ActiveCfg = Debug|iPhone
		{6C15517C-A0C8-4073-99AA-6F4E9FCBC3C7}.Debug|x64.Build.0 = Debug|iPhone
		{6C15517C-A0C8-4073-99AA-6F4E9FCBC3C7}.Debug|x64.Deploy.0 = Debug|iPhone
		{6C15517C-A0C8-4073-99AA-6F4E9FCBC3C7}.Debug|x86.ActiveCfg = Debug|iPhone
		{6C15517C-A0C8-4073-99AA-6F4E9FCBC3C7}.Debug|x86.Build.0 = Debug|iPhone
		{6C15517C-A0C8-4073-99AA-6F4E9FCBC3C7}.Debug|x86.Deploy.0 = Debug|iPhone
		{6C15517C-A0C8-4073-99AA-6F4E9FCBC3C7}.Release|Any CPU.ActiveCfg = Release|iPhone
		{6C15517C-A0C8-4073-99AA-6F4E9FCBC3C7}.Release|Any CPU.Build.0 = Release|iPhone
		{6C15517C-A0C8-4073-99AA-6F4E9FCBC3C7}.Release|Any CPU.Deploy.0 = Release|iPhone
		{6C15517C-A0C8-4073-99AA-6F4E9FCBC3C7}.Release|ARM.ActiveCfg = Release|iPhone
		{6C15517C-A0C8-4073-99AA-6F4E9FCBC3C7}.Release|ARM.Build.0 = Release|iPhone
		{6C15517C-A0C8-4073-99AA-6F4E9FCBC3C7}.Release|ARM.Deploy.0 = Release|iPhone
		{6C15517C-A0C8-4073-99AA-6F4E9FCBC3C7}.Release|iPhone.ActiveCfg = Release|iPhone
		{6C15517C-A0C8-4073-99AA-6F4E9FCBC3C7}.Release|iPhone.Build.0 = Release|iPhone
		{6C15517C-A0C8-4073-99AA-6F4E9FCBC3C7}.Release|iPhone.Deploy.0 = Release|iPhone
		{6C15517C-A0C8-4073-99AA-6F4E9FCBC3C7}.Release|iPhoneSimulator.ActiveCfg = Release|iPhoneSimulator
		{6C15517C-A0C8-4073-99AA-6F4E9FCBC3C7}.Release|iPhoneSimulator.Build.0 = Release|iPhoneSimulator
		{6C15517C-A0C8-4073-99AA-6F4E9FCBC3C7}.Release|iPhoneSimulator.Deploy.0 = Release|iPhoneSimulator
		{6C15517C-A0C8-4073-99AA-6F4E9FCBC3C7}.Release|x64.ActiveCfg = Release|iPhone
		{6C15517C-A0C8-4073-99AA-6F4E9FCBC3C7}.Release|x64.Build.0 = Release|iPhone
		{6C15517C-A0C8-4073-99AA-6F4E9FCBC3C7}.Release|x64.Deploy.0 = Release|iPhone
		{6C15517C-A0C8-4073-99AA-6F4E9FCBC3C7}.Release|x86.ActiveCfg = Release|iPhone
		{6C15517C-A0C8-4073-99AA-6F4E9FCBC3C7}.Release|x86.Build.0 = Release|iPhone
		{6C15517C-A0C8-4073-99AA-6F4E9FCBC3C7}.Release|x86.Deploy.0 = Release|iPhone
		{54F3001A-DA2F-4C48-86A3-3446E9FDFD0F}.Ad-Hoc|Any CPU.ActiveCfg = Debug|Any CPU
		{54F3001A-DA2F-4C48-86A3-3446E9FDFD0F}.Ad-Hoc|Any CPU.Build.0 = Debug|Any CPU
		{54F3001A-DA2F-4C48-86A3-3446E9FDFD0F}.Ad-Hoc|Any CPU.Deploy.0 = Debug|Any CPU
		{54F3001A-DA2F-4C48-86A3-3446E9FDFD0F}.Ad-Hoc|ARM.ActiveCfg = Debug|Any CPU
		{54F3001A-DA2F-4C48-86A3-3446E9FDFD0F}.Ad-Hoc|ARM.Build.0 = Debug|Any CPU
		{54F3001A-DA2F-4C48-86A3-3446E9FDFD0F}.Ad-Hoc|ARM.Deploy.0 = Debug|Any CPU
		{54F3001A-DA2F-4C48-86A3-3446E9FDFD0F}.Ad-Hoc|iPhone.ActiveCfg = Debug|Any CPU
		{54F3001A-DA2F-4C48-86A3-3446E9FDFD0F}.Ad-Hoc|iPhone.Build.0 = Debug|Any CPU
		{54F3001A-DA2F-4C48-86A3-3446E9FDFD0F}.Ad-Hoc|iPhone.Deploy.0 = Debug|Any CPU
		{54F3001A-DA2F-4C48-86A3-3446E9FDFD0F}.Ad-Hoc|iPhoneSimulator.ActiveCfg = Debug|Any CPU
		{54F3001A-DA2F-4C48-86A3-3446E9FDFD0F}.Ad-Hoc|iPhoneSimulator.Build.0 = Debug|Any CPU
		{54F3001A-DA2F-4C48-86A3-3446E9FDFD0F}.Ad-Hoc|iPhoneSimulator.Deploy.0 = Debug|Any CPU
		{54F3001A-DA2F-4C48-86A3-3446E9FDFD0F}.Ad-Hoc|x64.ActiveCfg = Debug|Any CPU
		{54F3001A-DA2F-4C48-86A3-3446E9FDFD0F}.Ad-Hoc|x64.Build.0 = Debug|Any CPU
		{54F3001A-DA2F-4C48-86A3-3446E9FDFD0F}.Ad-Hoc|x64.Deploy.0 = Debug|Any CPU
		{54F3001A-DA2F-4C48-86A3-3446E9FDFD0F}.Ad-Hoc|x86.ActiveCfg = Debug|Any CPU
		{54F3001A-DA2F-4C48-86A3-3446E9FDFD0F}.Ad-Hoc|x86.Build.0 = Debug|Any CPU
		{54F3001A-DA2F-4C48-86A3-3446E9FDFD0F}.Ad-Hoc|x86.Deploy.0 = Debug|Any CPU
		{54F3001A-DA2F-4C48-86A3-3446E9FDFD0F}.AppStore|Any CPU.ActiveCfg = Debug|Any CPU
		{54F3001A-DA2F-4C48-86A3-3446E9FDFD0F}.AppStore|Any CPU.Build.0 = Debug|Any CPU
		{54F3001A-DA2F-4C48-86A3-3446E9FDFD0F}.AppStore|Any CPU.Deploy.0 = Debug|Any CPU
		{54F3001A-DA2F-4C48-86A3-3446E9FDFD0F}.AppStore|ARM.ActiveCfg = Debug|Any CPU
		{54F3001A-DA2F-4C48-86A3-3446E9FDFD0F}.AppStore|ARM.Build.0 = Debug|Any CPU
		{54F3001A-DA2F-4C48-86A3-3446E9FDFD0F}.AppStore|ARM.Deploy.0 = Debug|Any CPU
		{54F3001A-DA2F-4C48-86A3-3446E9FDFD0F}.AppStore|iPhone.ActiveCfg = Debug|Any CPU
		{54F3001A-DA2F-4C48-86A3-3446E9FDFD0F}.AppStore|iPhone.Build.0 = Debug|Any CPU
		{54F3001A-DA2F-4C48-86A3-3446E9FDFD0F}.AppStore|iPhone.Deploy.0 = Debug|Any CPU
		{54F3001A-DA2F-4C48-86A3-3446E9FDFD0F}.AppStore|iPhoneSimulator.ActiveCfg = Debug|Any CPU
		{54F3001A-DA2F-4C48-86A3-3446E9FDFD0F}.AppStore|iPhoneSimulator.Build.0 = Debug|Any CPU
		{54F3001A-DA2F-4C48-86A3-3446E9FDFD0F}.AppStore|iPhoneSimulator.Deploy.0 = Debug|Any CPU
		{54F3001A-DA2F-4C48-86A3-3446E9FDFD0F}.AppStore|x64.ActiveCfg = Debug|Any CPU
		{54F3001A-DA2F-4C48-86A3-3446E9FDFD0F}.AppStore|x64.Build.0 = Debug|Any CPU
		{54F3001A-DA2F-4C48-86A3-3446E9FDFD0F}.AppStore|x64.Deploy.0 = Debug|Any CPU
		{54F3001A-DA2F-4C48-86A3-3446E9FDFD0F}.AppStore|x86.ActiveCfg = Debug|Any CPU
		{54F3001A-DA2F-4C48-86A3-3446E9FDFD0F}.AppStore|x86.Build.0 = Debug|Any CPU
		{54F3001A-DA2F-4C48-86A3-3446E9FDFD0F}.AppStore|x86.Deploy.0 = Debug|Any CPU
		{54F3001A-DA2F-4C48-86A3-3446E9FDFD0F}.Debug|Any CPU.ActiveCfg = Debug|Any CPU
		{54F3001A-DA2F-4C48-86A3-3446E9FDFD0F}.Debug|Any CPU.Build.0 = Debug|Any CPU
		{54F3001A-DA2F-4C48-86A3-3446E9FDFD0F}.Debug|Any CPU.Deploy.0 = Debug|Any CPU
		{54F3001A-DA2F-4C48-86A3-3446E9FDFD0F}.Debug|ARM.ActiveCfg = Debug|Any CPU
		{54F3001A-DA2F-4C48-86A3-3446E9FDFD0F}.Debug|ARM.Build.0 = Debug|Any CPU
		{54F3001A-DA2F-4C48-86A3-3446E9FDFD0F}.Debug|ARM.Deploy.0 = Debug|Any CPU
		{54F3001A-DA2F-4C48-86A3-3446E9FDFD0F}.Debug|iPhone.ActiveCfg = Debug|Any CPU
		{54F3001A-DA2F-4C48-86A3-3446E9FDFD0F}.Debug|iPhone.Build.0 = Debug|Any CPU
		{54F3001A-DA2F-4C48-86A3-3446E9FDFD0F}.Debug|iPhone.Deploy.0 = Debug|Any CPU
		{54F3001A-DA2F-4C48-86A3-3446E9FDFD0F}.Debug|iPhoneSimulator.ActiveCfg = Debug|Any CPU
		{54F3001A-DA2F-4C48-86A3-3446E9FDFD0F}.Debug|iPhoneSimulator.Build.0 = Debug|Any CPU
		{54F3001A-DA2F-4C48-86A3-3446E9FDFD0F}.Debug|iPhoneSimulator.Deploy.0 = Debug|Any CPU
		{54F3001A-DA2F-4C48-86A3-3446E9FDFD0F}.Debug|x64.ActiveCfg = Debug|Any CPU
		{54F3001A-DA2F-4C48-86A3-3446E9FDFD0F}.Debug|x64.Build.0 = Debug|Any CPU
		{54F3001A-DA2F-4C48-86A3-3446E9FDFD0F}.Debug|x64.Deploy.0 = Debug|Any CPU
		{54F3001A-DA2F-4C48-86A3-3446E9FDFD0F}.Debug|x86.ActiveCfg = Debug|Any CPU
		{54F3001A-DA2F-4C48-86A3-3446E9FDFD0F}.Debug|x86.Build.0 = Debug|Any CPU
		{54F3001A-DA2F-4C48-86A3-3446E9FDFD0F}.Debug|x86.Deploy.0 = Debug|Any CPU
		{54F3001A-DA2F-4C48-86A3-3446E9FDFD0F}.Release|Any CPU.ActiveCfg = Release|Any CPU
		{54F3001A-DA2F-4C48-86A3-3446E9FDFD0F}.Release|Any CPU.Build.0 = Release|Any CPU
		{54F3001A-DA2F-4C48-86A3-3446E9FDFD0F}.Release|Any CPU.Deploy.0 = Release|Any CPU
		{54F3001A-DA2F-4C48-86A3-3446E9FDFD0F}.Release|ARM.ActiveCfg = Release|Any CPU
		{54F3001A-DA2F-4C48-86A3-3446E9FDFD0F}.Release|ARM.Build.0 = Release|Any CPU
		{54F3001A-DA2F-4C48-86A3-3446E9FDFD0F}.Release|ARM.Deploy.0 = Release|Any CPU
		{54F3001A-DA2F-4C48-86A3-3446E9FDFD0F}.Release|iPhone.ActiveCfg = Release|Any CPU
		{54F3001A-DA2F-4C48-86A3-3446E9FDFD0F}.Release|iPhone.Build.0 = Release|Any CPU
		{54F3001A-DA2F-4C48-86A3-3446E9FDFD0F}.Release|iPhone.Deploy.0 = Release|Any CPU
		{54F3001A-DA2F-4C48-86A3-3446E9FDFD0F}.Release|iPhoneSimulator.ActiveCfg = Release|Any CPU
		{54F3001A-DA2F-4C48-86A3-3446E9FDFD0F}.Release|iPhoneSimulator.Build.0 = Release|Any CPU
		{54F3001A-DA2F-4C48-86A3-3446E9FDFD0F}.Release|iPhoneSimulator.Deploy.0 = Release|Any CPU
		{54F3001A-DA2F-4C48-86A3-3446E9FDFD0F}.Release|x64.ActiveCfg = Release|Any CPU
		{54F3001A-DA2F-4C48-86A3-3446E9FDFD0F}.Release|x64.Build.0 = Release|Any CPU
		{54F3001A-DA2F-4C48-86A3-3446E9FDFD0F}.Release|x64.Deploy.0 = Release|Any CPU
		{54F3001A-DA2F-4C48-86A3-3446E9FDFD0F}.Release|x86.ActiveCfg = Release|Any CPU
		{54F3001A-DA2F-4C48-86A3-3446E9FDFD0F}.Release|x86.Build.0 = Release|Any CPU
		{54F3001A-DA2F-4C48-86A3-3446E9FDFD0F}.Release|x86.Deploy.0 = Release|Any CPU
	EndGlobalSection
	GlobalSection(SolutionProperties) = preSolution
		HideSolutionNode = FALSE
	EndGlobalSection
	GlobalSection(ExtensibilityGlobals) = postSolution
		SolutionGuid = {EFCCEE7A-C7B8-453F-AA12-9B86EB4C1820}
	EndGlobalSection
EndGlobal
